
Microsoft Visual Studio Solution File, Format Version 12.00
# Visual Studio Version 16
VisualStudioVersion = 16.0.31729.503
MinimumVisualStudioVersion = 10.0.40219.1
Project("{9A19103F-16F7-4668-BE54-9A1E7A4F7556}") = "001_SRP", "001_SRP\001_SRP.csproj", "{A5991E51-A112-4EA7-86E0-9DBB4CE6A69C}"
EndProject
Project("{9A19103F-16F7-4668-BE54-9A1E7A4F7556}") = "002_OCP", "002_OCP\002_OCP.csproj", "{7A891F59-538F-43F1-8527-4EDA3C962957}"
EndProject
Project("{9A19103F-16F7-4668-BE54-9A1E7A4F7556}") = "002_OCP_Library", "002_OCP_Library\002_OCP_Library.csproj", "{C0D3833E-F086-4C74-84FC-EAFB4EFD3FAC}"
EndProject
Project("{FAE04EC0-301F-11D3-BF4B-00C04F79EFBC}") = "003_LSP", "003_LSP\003_LSP.csproj", "{4C526DD3-C0EB-4013-B3E0-84947DB41A53}"
EndProject
Project("{FAE04EC0-301F-11D3-BF4B-00C04F79EFBC}") = "003_LSP_Library", "003_LSP_Library\003_LSP_Library.csproj", "{C95EC4F8-F453-4E71-AD04-5875CB59706E}"
EndProject
Global
	GlobalSection(SolutionConfigurationPlatforms) = preSolution
		Debug|Any CPU = Debug|Any CPU
		Release|Any CPU = Release|Any CPU
	EndGlobalSection
	GlobalSection(ProjectConfigurationPlatforms) = postSolution
		{A5991E51-A112-4EA7-86E0-9DBB4CE6A69C}.Debug|Any CPU.ActiveCfg = Debug|Any CPU
		{A5991E51-A112-4EA7-86E0-9DBB4CE6A69C}.Debug|Any CPU.Build.0 = Debug|Any CPU
		{A5991E51-A112-4EA7-86E0-9DBB4CE6A69C}.Release|Any CPU.ActiveCfg = Release|Any CPU
		{A5991E51-A112-4EA7-86E0-9DBB4CE6A69C}.Release|Any CPU.Build.0 = Release|Any CPU
		{7A891F59-538F-43F1-8527-4EDA3C962957}.Debug|Any CPU.ActiveCfg = Debug|Any CPU
		{7A891F59-538F-43F1-8527-4EDA3C962957}.Debug|Any CPU.Build.0 = Debug|Any CPU
		{7A891F59-538F-43F1-8527-4EDA3C962957}.Release|Any CPU.ActiveCfg = Release|Any CPU
		{7A891F59-538F-43F1-8527-4EDA3C962957}.Release|Any CPU.Build.0 = Release|Any CPU
		{C0D3833E-F086-4C74-84FC-EAFB4EFD3FAC}.Debug|Any CPU.ActiveCfg = Debug|Any CPU
		{C0D3833E-F086-4C74-84FC-EAFB4EFD3FAC}.Debug|Any CPU.Build.0 = Debug|Any CPU
		{C0D3833E-F086-4C74-84FC-EAFB4EFD3FAC}.Release|Any CPU.ActiveCfg = Release|Any CPU
		{C0D3833E-F086-4C74-84FC-EAFB4EFD3FAC}.Release|Any CPU.Build.0 = Release|Any CPU
		{4C526DD3-C0EB-4013-B3E0-84947DB41A53}.Debug|Any CPU.ActiveCfg = Debug|Any CPU
		{4C526DD3-C0EB-4013-B3E0-84947DB41A53}.Debug|Any CPU.Build.0 = Debug|Any CPU
		{4C526DD3-C0EB-4013-B3E0-84947DB41A53}.Release|Any CPU.ActiveCfg = Release|Any CPU
		{4C526DD3-C0EB-4013-B3E0-84947DB41A53}.Release|Any CPU.Build.0 = Release|Any CPU
		{C95EC4F8-F453-4E71-AD04-5875CB59706E}.Debug|Any CPU.ActiveCfg = Debug|Any CPU
		{C95EC4F8-F453-4E71-AD04-5875CB59706E}.Debug|Any CPU.Build.0 = Debug|Any CPU
		{C95EC4F8-F453-4E71-AD04-5875CB59706E}.Release|Any CPU.ActiveCfg = Release|Any CPU
		{C95EC4F8-F453-4E71-AD04-5875CB59706E}.Release|Any CPU.Build.0 = Release|Any CPU
	EndGlobalSection
	GlobalSection(SolutionProperties) = preSolution
		HideSolutionNode = FALSE
	EndGlobalSection
	GlobalSection(ExtensibilityGlobals) = postSolution
		SolutionGuid = {15354D04-BB06-4E5C-A32D-7C22DE535A13}
	EndGlobalSection
EndGlobal
